{
  "object": {
    "pins": [
      {
        "package": "GoogleAppMeasurement",
        "repositoryURL": "https://github.com/google/GoogleAppMeasurement.git",
        "state": {
          "branch": null,
          "revision": "fe727587518729046fc1465625b9afd80b5ab361",
          "version": "10.28.0"
        }
      },
      {
        "package": "GoogleUtilities",
        "repositoryURL": "https://github.com/google/GoogleUtilities.git",
        "state": {
          "branch": null,
          "revision": "57a1d307f42df690fdef2637f3e5b776da02aad6",
          "version": "7.13.3"
        }
      },
      {
        "package": "nanopb",
        "repositoryURL": "https://github.com/firebase/nanopb.git",
        "state": {
          "branch": null,
          "revision": "b7e1104502eca3a213b46303391ca4d3bc8ddec1",
          "version": "2.30910.0"
        }
      },
      {
        "package": "Promises",
        "repositoryURL": "https://github.com/google/promises.git",
        "state": {
          "branch": null,
          "revision": "540318ecedd63d883069ae7f1ed811a2df00b6ac",
          "version": "2.4.0"
        }
      },
      {
        "package": "GoogleMobileAds",
        "repositoryURL": "https://github.com/googleads/swift-package-manager-google-mobile-ads.git",
        "state": {
          "branch": null,
          "revision": "70516c9e799a366ff90c1a70c09c48f7c076fd8a",
          "version": "10.14.0"
        }
      },
      {
        "package": "GoogleUserMessagingPlatform",
        "repositoryURL": "https://github.com/googleads/swift-package-manager-google-user-messaging-platform.git",
        "state": {
          "branch": null,
          "revision": "708a282840c2171ee63bd93b87afa49fe507d70e",
          "version": "2.7.0"
        }
      }
    ]
  },
  "version": 1
}
